github.com/gohugoio/hugo-mod-jslibs-dist/popperjs/v2 v2.21100.20000 h1:GZxx4Hc+yb0/t3/rau1j8XlAxLE4CyXns2fqQbyqWfs=
github.com/gohugoio/hugo-mod-jslibs-dist/popperjs/v2 v2.21100.20000/go.mod h1:mFberT6ZtcchrsDtfvJM7aAH2bDKLdOnruUHl0hlapI=
github.com/hbstack/hb v0.7.1 h1:bnlE/KrhOKADI5aydZG822kT1o9QR8I8TdOWugqaMJE=
github.com/hbstack/hb v0.7.1/go.mod h1:S/08mx1tK6yxjQIkSqvpqG8HrBzMBDJq1WC5QjXW9p0=
github.com/hbstack/header v0.8.2 h1:WD+r+MqinmQepwfQYhRFfnANUk4nQuqDn1FO9h5g88o=
github.com/hbstack/header v0.8.2/go.mod h1:ihpMPmzro0155ZHtd3t95C1R5NN61JUZ/0Hng3GpiGo=
github.com/hbstack/header v0.9.0/go.mod h1:ihpMPmzro0155ZHtd3t95C1R5NN61JUZ/0Hng3GpiGo=
github.com/hbstack/header v0.10.0/go.mod h1:MkFJjAqVs/pgOEBjdCzBTdjT6q43It0PGvZh56OkdB4=
github.com/hugomods/icons v0.6.0 h1:G6RU93okhPPRDh/jqcew9gwkcYpSpg0rCBv4S6yUAFw=
github.com/hugomods/icons v0.6.0/go.mod h1:cIkSvK6W0q6N4U6n9KGz+QfRWQXAW0INd+1P31gPNGg=
github.com/hugomods/icons/vendors/bootstrap v0.5.0 h1:CHEGk677heq2kJZa7XsGHRc3Hwizl9NFkmNw146OVm0=
github.com/hugomods/icons/vendors/bootstrap v0.5.0/go.mod h1:kfC17VWV+tNi6PGF4AY7CJBBa1/HEgWxCYq2kNOdcdI=
github.com/hugomods/icons/vendors/bootstrap v0.5.1/go.mod h1:tFEoO7zed/8FDT6LeKLGnzDbx7D8HK7ZaLshnF0RYjQ=
github.com/twbs/icons v1.10.5 h1:F9uvW7cGfDBAautw5aeCmnB3hw4vv3aEQGbHnzcQKaE=
github.com/twbs/icons v1.10.5/go.mod h1:GnRlymgVWp5iVJCMa0Me5b6tFyGpVc2bSxPMRGIJmyA=
github.com/twbs/icons v1.11.0/go.mod h1:GnRlymgVWp5iVJCMa0Me5b6tFyGpVc2bSxPMRGIJmyA=
github.com/twbs/icons v1.11.1/go.mod h1:GnRlymgVWp5iVJCMa0Me5b6tFyGpVc2bSxPMRGIJmyA=
